
Microsoft Visual Studio Solution File, Format Version 12.00
# Visual Studio Version 17
VisualStudioVersion = 17.10.34916.146
MinimumVisualStudioVersion = 10.0.40219.1
Project("{FAE04EC0-301F-11D3-BF4B-00C04F79EFBC}") = "Pub_Sub_Project", "Pub_Sub_Project\Pub_Sub_Project.csproj", "{A33CE37E-4209-4F38-B756-21937AC00FB5}"
EndProject
Global
	GlobalSection(SolutionConfigurationPlatforms) = preSolution
		Debug|Any CPU = Debug|Any CPU
		Release|Any CPU = Release|Any CPU
	EndGlobalSection
	GlobalSection(ProjectConfigurationPlatforms) = postSolution
		{A33CE37E-4209-4F38-B756-21937AC00FB5}.Debug|Any CPU.ActiveCfg = Debug|Any CPU
		{A33CE37E-4209-4F38-B756-21937AC00FB5}.Debug|Any CPU.Build.0 = Debug|Any CPU
		{A33CE37E-4209-4F38-B756-21937AC00FB5}.Release|Any CPU.ActiveCfg = Release|Any CPU
		{A33CE37E-4209-4F38-B756-21937AC00FB5}.Release|Any CPU.Build.0 = Release|Any CPU
	EndGlobalSection
	GlobalSection(SolutionProperties) = preSolution
		HideSolutionNode = FALSE
	EndGlobalSection
	GlobalSection(ExtensibilityGlobals) = postSolution
		SolutionGuid = {903699D9-F333-452A-9E7C-FF846A688C5F}
	EndGlobalSection
EndGlobal
