
Microsoft Visual Studio Solution File, Format Version 12.00
# Visual Studio Version 17
VisualStudioVersion = 17.10.34916.146
MinimumVisualStudioVersion = 10.0.40219.1
Project("{FAE04EC0-301F-11D3-BF4B-00C04F79EFBC}") = "Cshap_pub_sub", "Cshap_pub_sub\Cshap_pub_sub.csproj", "{96885567-8882-48D3-9595-7221EFF2152C}"
EndProject
Global
	GlobalSection(SolutionConfigurationPlatforms) = preSolution
		Debug|Any CPU = Debug|Any CPU
		Release|Any CPU = Release|Any CPU
	EndGlobalSection
	GlobalSection(ProjectConfigurationPlatforms) = postSolution
		{96885567-8882-48D3-9595-7221EFF2152C}.Debug|Any CPU.ActiveCfg = Debug|Any CPU
		{96885567-8882-48D3-9595-7221EFF2152C}.Debug|Any CPU.Build.0 = Debug|Any CPU
		{96885567-8882-48D3-9595-7221EFF2152C}.Release|Any CPU.ActiveCfg = Release|Any CPU
		{96885567-8882-48D3-9595-7221EFF2152C}.Release|Any CPU.Build.0 = Release|Any CPU
	EndGlobalSection
	GlobalSection(SolutionProperties) = preSolution
		HideSolutionNode = FALSE
	EndGlobalSection
	GlobalSection(ExtensibilityGlobals) = postSolution
		SolutionGuid = {FB0932EE-9D71-47EC-9165-000AA651C7C9}
	EndGlobalSection
EndGlobal
