
Microsoft Visual Studio Solution File, Format Version 12.00
# Visual Studio Version 17
VisualStudioVersion = 17.10.34916.146
MinimumVisualStudioVersion = 10.0.40219.1
Project("{FAE04EC0-301F-11D3-BF4B-00C04F79EFBC}") = "Cs_pr01", "Cs_pr01.csproj", "{B2C61448-CE0E-4F39-96DE-E7EC803BE2A3}"
EndProject
Global
	GlobalSection(SolutionConfigurationPlatforms) = preSolution
		Debug|Any CPU = Debug|Any CPU
		Release|Any CPU = Release|Any CPU
	EndGlobalSection
	GlobalSection(ProjectConfigurationPlatforms) = postSolution
		{B2C61448-CE0E-4F39-96DE-E7EC803BE2A3}.Debug|Any CPU.ActiveCfg = Debug|Any CPU
		{B2C61448-CE0E-4F39-96DE-E7EC803BE2A3}.Debug|Any CPU.Build.0 = Debug|Any CPU
		{B2C61448-CE0E-4F39-96DE-E7EC803BE2A3}.Release|Any CPU.ActiveCfg = Release|Any CPU
		{B2C61448-CE0E-4F39-96DE-E7EC803BE2A3}.Release|Any CPU.Build.0 = Release|Any CPU
	EndGlobalSection
	GlobalSection(SolutionProperties) = preSolution
		HideSolutionNode = FALSE
	EndGlobalSection
	GlobalSection(ExtensibilityGlobals) = postSolution
		SolutionGuid = {B39025E4-044F-479F-A30F-5F17C9499F16}
	EndGlobalSection
EndGlobal
